<?xml version="1.0" encoding="utf-8"?>
<Project ToolsVersion="4.0" xmlns="http://schemas.microsoft.com/developer/msbuild/2003">
  <ItemGroup>
    <Filter Include="Source Files">
      <UniqueIdentifier>{4FC737F1-C7A5-4376-A066-2A32D752A2FF}</UniqueIdentifier>
      <Extensions>cpp;c;cc;cxx;def;odl;idl;hpj;bat;asm;asmx</Extensions>
    </Filter>
    <Filter Include="Header Files">
      <UniqueIdentifier>{93995380-89BD-4b04-88EB-625FBE52EBFB}</UniqueIdentifier>
      <Extensions>h;hh;hpp;hxx;hm;inl;inc;ipp;xsd</Extensions>
    </Filter>
    <Filter Include="Resource Files">
      <UniqueIdentifier>{67DA6AB6-F800-4c08-8B7A-83BB121AAD01}</UniqueIdentifier>
      <Extensions>rc;ico;cur;bmp;dlg;rc2;rct;bin;rgs;gif;jpg;jpeg;jpe;resx;tiff;tif;png;wav;mfcribbon-ms</Extensions>
    </Filter>
    <Filter Include="Header Files\objects">
      <UniqueIdentifier>{7d647f8c-ed79-4a5e-bd75-e0ab8bd25897}</UniqueIdentifier>
    </Filter>
    <Filter Include="Header Files\utils">
      <UniqueIdentifier>{e5e3b982-ddea-4bf5-ad14-63bebc4da220}</UniqueIdentifier>
    </Filter>
    <Filter Include="Header Files\utils\types">
      <UniqueIdentifier>{9da2d7b2-20e2-44a4-88a1-7375ede176f2}</UniqueIdentifier>
    </Filter>
    <Filter Include="Source Files\objects">
      <UniqueIdentifier>{8ae8bb4e-29bd-4f71-a066-befb29593d78}</UniqueIdentifier>
    </Filter>
    <Filter Include="Header Files\objects\base">
      <UniqueIdentifier>{9768badb-1bae-4df3-abd4-d23199a4e9e3}</UniqueIdentifier>
    </Filter>
    <Filter Include="Source Files\objects\base">
      <UniqueIdentifier>{a4077581-d410-4513-a25c-da9983f50069}</UniqueIdentifier>
    </Filter>
    <Filter Include="Header Files\descriptors">
      <UniqueIdentifier>{8fdae2bf-b6f1-4b21-a53c-21df84c766da}</UniqueIdentifier>
    </Filter>
    <Filter Include="Header Files\objects\opengl4">
      <UniqueIdentifier>{20f5b954-26f7-493f-a49a-182518a49ff6}</UniqueIdentifier>
    </Filter>
    <Filter Include="Header Files\objects\opengl4\gl">
      <UniqueIdentifier>{45d694f4-5000-4247-bb90-d5e9182ff43c}</UniqueIdentifier>
    </Filter>
    <Filter Include="Source Files\utils">
      <UniqueIdentifier>{f7f49140-77d4-48a0-a783-fe9640e26fc7}</UniqueIdentifier>
    </Filter>
  </ItemGroup>
  <ItemGroup>
    <ClInclude Include="utils\types\types.h">
      <Filter>Header Files\utils\types</Filter>
    </ClInclude>
    <ClInclude Include="utils\types\vectypes.h">
      <Filter>Header Files\utils\types</Filter>
    </ClInclude>
    <ClInclude Include="utils\log.h">
      <Filter>Header Files\utils</Filter>
    </ClInclude>
    <ClInclude Include="utils\pointers.h">
      <Filter>Header Files\utils</Filter>
    </ClInclude>
    <ClInclude Include="objects\base\buffer.h">
      <Filter>Header Files\objects\base</Filter>
    </ClInclude>
    <ClInclude Include="objects\base\device.h">
      <Filter>Header Files\objects\base</Filter>
    </ClInclude>
    <ClInclude Include="objects\base\framebuffer.h">
      <Filter>Header Files\objects\base</Filter>
    </ClInclude>
    <ClInclude Include="objects\base\pipeline_state.h">
      <Filter>Header Files\objects\base</Filter>
    </ClInclude>
    <ClInclude Include="objects\base\render_pass.h">
      <Filter>Header Files\objects\base</Filter>
    </ClInclude>
    <ClInclude Include="objects\base\shader.h">
      <Filter>Header Files\objects\base</Filter>
    </ClInclude>
    <ClInclude Include="objects\base\texture.h">
      <Filter>Header Files\objects\base</Filter>
    </ClInclude>
    <ClInclude Include="objects\base\uniform_buffer.h">
      <Filter>Header Files\objects\base</Filter>
    </ClInclude>
    <ClInclude Include="objects\base\vertex_buffer.h">
      <Filter>Header Files\objects\base</Filter>
    </ClInclude>
    <ClInclude Include="descriptors\graphics_enums.h">
      <Filter>Header Files\descriptors</Filter>
    </ClInclude>
    <ClInclude Include="descriptors\descriptors.h">
      <Filter>Header Files\descriptors</Filter>
    </ClInclude>
    <ClInclude Include="descriptors\pipeline_state_desc.h">
      <Filter>Header Files\descriptors</Filter>
    </ClInclude>
    <ClInclude Include="descriptors\render_pass_desc.h">
      <Filter>Header Files\descriptors</Filter>
    </ClInclude>
    <ClInclude Include="descriptors\shader_desc.h">
      <Filter>Header Files\descriptors</Filter>
    </ClInclude>
    <ClInclude Include="descriptors\graphic_object.h">
      <Filter>Header Files\descriptors</Filter>
    </ClInclude>
    <ClInclude Include="descriptors\buffer_desc.h">
      <Filter>Header Files\descriptors</Filter>
    </ClInclude>
    <ClInclude Include="descriptors\texture_desc.h">
      <Filter>Header Files\descriptors</Filter>
    </ClInclude>
    <ClInclude Include="descriptors\uniform_buffer_desc.h">
      <Filter>Header Files\descriptors</Filter>
    </ClInclude>
    <ClInclude Include="descriptors\vertex_buffer_desc.h">
      <Filter>Header Files\descriptors</Filter>
    </ClInclude>
    <ClInclude Include="include.h">
      <Filter>Header Files</Filter>
    </ClInclude>
    <ClInclude Include="objects\opengl4\buffer.h">
      <Filter>Header Files\objects\opengl4</Filter>
    </ClInclude>
    <ClInclude Include="objects\opengl4\device.h">
      <Filter>Header Files\objects\opengl4</Filter>
    </ClInclude>
    <ClInclude Include="objects\opengl4\framebuffer.h">
      <Filter>Header Files\objects\opengl4</Filter>
    </ClInclude>
    <ClInclude Include="objects\opengl4\pipeline_state.h">
      <Filter>Header Files\objects\opengl4</Filter>
    </ClInclude>
    <ClInclude Include="objects\opengl4\render_pass.h">
      <Filter>Header Files\objects\opengl4</Filter>
    </ClInclude>
    <ClInclude Include="objects\opengl4\shader.h">
      <Filter>Header Files\objects\opengl4</Filter>
    </ClInclude>
    <ClInclude Include="objects\opengl4\texture.h">
      <Filter>Header Files\objects\opengl4</Filter>
    </ClInclude>
    <ClInclude Include="objects\opengl4\uniform_buffer.h">
      <Filter>Header Files\objects\opengl4</Filter>
    </ClInclude>
    <ClInclude Include="objects\opengl4\vertex_buffer.h">
      <Filter>Header Files\objects\opengl4</Filter>
    </ClInclude>
    <ClInclude Include="descriptors\device_desc.h">
      <Filter>Header Files\descriptors</Filter>
    </ClInclude>
    <ClInclude Include="utils\platform_defines.h">
      <Filter>Header Files\utils</Filter>
    </ClInclude>
    <ClInclude Include="objects\opengl4\gl\GL.h">
      <Filter>Header Files\objects\opengl4\gl</Filter>
    </ClInclude>
    <ClInclude Include="objects\opengl4\gl\glew.h">
      <Filter>Header Files\objects\opengl4\gl</Filter>
    </ClInclude>
    <ClInclude Include="objects\opengl4\gl\glext.h">
      <Filter>Header Files\objects\opengl4\gl</Filter>
    </ClInclude>
    <ClInclude Include="objects\opengl4\gl\wglext.h">
      <Filter>Header Files\objects\opengl4\gl</Filter>
    </ClInclude>
    <ClInclude Include="utils\platform.h">
      <Filter>Header Files\utils</Filter>
    </ClInclude>
    <ClInclude Include="objects\opengl4\gl\GLState.h">
      <Filter>Header Files\objects\opengl4\gl</Filter>
    </ClInclude>
    <ClInclude Include="utils\strings.h">
      <Filter>Header Files\utils</Filter>
    </ClInclude>
    <ClInclude Include="utils\singleton.h">
      <Filter>Header Files\utils</Filter>
    </ClInclude>
    <ClInclude Include="descriptors\shader_parser.h">
      <Filter>Header Files\descriptors</Filter>
    </ClInclude>
    <ClInclude Include="utils\containers.h">
      <Filter>Header Files\utils</Filter>
    </ClInclude>
    <ClInclude Include="objects\base\shader_resource_manager.h">
      <Filter>Header Files\objects\base</Filter>
    </ClInclude>
    <ClInclude Include="utils\threads.h">
      <Filter>Header Files\utils</Filter>
    </ClInclude>
    <ClInclude Include="objects\opengl4\shader_resource_manager.h">
      <Filter>Header Files\objects\opengl4</Filter>
    </ClInclude>
  </ItemGroup>
  <ItemGroup>
    <ClCompile Include="main.cpp">
      <Filter>Source Files</Filter>
    </ClCompile>
    <ClCompile Include="objects\shader.cpp">
      <Filter>Source Files\objects</Filter>
    </ClCompile>
    <ClCompile Include="objects\uniform_buffer.cpp">
      <Filter>Source Files\objects</Filter>
    </ClCompile>
    <ClCompile Include="objects\device.cpp">
      <Filter>Source Files\objects</Filter>
    </ClCompile>
    <ClCompile Include="utils\platform.cpp">
      <Filter>Source Files\utils</Filter>
    </ClCompile>
    <ClCompile Include="objects\opengl4\gl\GLState.cpp">
      <Filter>Header Files\objects\opengl4\gl</Filter>
    </ClCompile>
    <ClCompile Include="objects\pipeline_state.cpp">
      <Filter>Source Files\objects</Filter>
    </ClCompile>
    <ClCompile Include="objects\render_pass.cpp">
      <Filter>Source Files\objects</Filter>
    </ClCompile>
    <ClCompile Include="objects\framebuffer.cpp">
      <Filter>Source Files\objects</Filter>
    </ClCompile>
    <ClCompile Include="objects\texture.cpp">
      <Filter>Source Files\objects</Filter>
    </ClCompile>
    <ClCompile Include="objects\shader_resource_manager.cpp">
      <Filter>Source Files\objects</Filter>
    </ClCompile>
    <ClCompile Include="objects\shader_desc.cpp">
      <Filter>Source Files\objects</Filter>
    </ClCompile>
    <ClCompile Include="objects\shader_parser.cpp">
      <Filter>Source Files\objects</Filter>
    </ClCompile>
    <ClCompile Include="objects\vertex_buffer.cpp">
      <Filter>Source Files\objects</Filter>
    </ClCompile>
    <ClCompile Include="objects\buffer.cpp">
      <Filter>Source Files\objects</Filter>
    </ClCompile>
  </ItemGroup>
</Project>